
Microsoft Visual Studio Solution File, Format Version 12.00
# Visual Studio Version 16
VisualStudioVersion = 16.0.29209.62
MinimumVisualStudioVersion = 10.0.40219.1
Project("{FAE04EC0-301F-11D3-BF4B-00C04F79EFBC}") = "WpfApp-Arriendos", "WpfApp-Arriendos.csproj", "{69D5CBF4-6EFD-42FF-A507-268E411068F2}"
EndProject
Project("{9A19103F-16F7-4668-BE54-9A1E7A4F7556}") = "Negocio", "..\Negocio\Negocio.csproj", "{D6581315-2E0B-4A33-ADE4-D2A85B3B3796}"
EndProject
Project("{9A19103F-16F7-4668-BE54-9A1E7A4F7556}") = "Datos", "..\Datos\Datos.csproj", "{F8433903-EEF7-416A-9D9C-7C4296EDF1E3}"
EndProject
Global
	GlobalSection(SolutionConfigurationPlatforms) = preSolution
		Debug|Any CPU = Debug|Any CPU
		Release|Any CPU = Release|Any CPU
	EndGlobalSection
	GlobalSection(ProjectConfigurationPlatforms) = postSolution
		{69D5CBF4-6EFD-42FF-A507-268E411068F2}.Debug|Any CPU.ActiveCfg = Debug|Any CPU
		{69D5CBF4-6EFD-42FF-A507-268E411068F2}.Debug|Any CPU.Build.0 = Debug|Any CPU
		{69D5CBF4-6EFD-42FF-A507-268E411068F2}.Release|Any CPU.ActiveCfg = Release|Any CPU
		{69D5CBF4-6EFD-42FF-A507-268E411068F2}.Release|Any CPU.Build.0 = Release|Any CPU
		{D6581315-2E0B-4A33-ADE4-D2A85B3B3796}.Debug|Any CPU.ActiveCfg = Debug|Any CPU
		{D6581315-2E0B-4A33-ADE4-D2A85B3B3796}.Debug|Any CPU.Build.0 = Debug|Any CPU
		{D6581315-2E0B-4A33-ADE4-D2A85B3B3796}.Release|Any CPU.ActiveCfg = Release|Any CPU
		{D6581315-2E0B-4A33-ADE4-D2A85B3B3796}.Release|Any CPU.Build.0 = Release|Any CPU
		{F8433903-EEF7-416A-9D9C-7C4296EDF1E3}.Debug|Any CPU.ActiveCfg = Debug|Any CPU
		{F8433903-EEF7-416A-9D9C-7C4296EDF1E3}.Debug|Any CPU.Build.0 = Debug|Any CPU
		{F8433903-EEF7-416A-9D9C-7C4296EDF1E3}.Release|Any CPU.ActiveCfg = Release|Any CPU
		{F8433903-EEF7-416A-9D9C-7C4296EDF1E3}.Release|Any CPU.Build.0 = Release|Any CPU
	EndGlobalSection
	GlobalSection(SolutionProperties) = preSolution
		HideSolutionNode = FALSE
	EndGlobalSection
	GlobalSection(ExtensibilityGlobals) = postSolution
		SolutionGuid = {966AEC38-E3E1-4ADA-A462-B9DAD468A09C}
	EndGlobalSection
EndGlobal
